// !$*UTF8*$!
{
	archiveVersion = 1;
	classes = {
	};
	objectVersion = 56;
	objects = {

/* Begin PBXBuildFile section */
		CF175DAA2C2277F000FEE0E9 /* MapColbyTrailsApp.swift in Sources */ = {isa = PBXBuildFile; fileRef = CF175DA92C2277F000FEE0E9 /* MapColbyTrailsApp.swift */; };
		CF175DAC2C2277F000FEE0E9 /* ContentView.swift in Sources */ = {isa = PBXBuildFile; fileRef = CF175DAB2C2277F000FEE0E9 /* ContentView.swift */; };
		CF175DAE2C2277F200FEE0E9 /* Assets.xcassets in Resources */ = {isa = PBXBuildFile; fileRef = CF175DAD2C2277F200FEE0E9 /* Assets.xcassets */; };
		CF175DB12C2277F200FEE0E9 /* Preview Assets.xcassets in Resources */ = {isa = PBXBuildFile; fileRef = CF175DB02C2277F200FEE0E9 /* Preview Assets.xcassets */; };
		CF175DB82C22782B00FEE0E9 /* MapView.swift in Sources */ = {isa = PBXBuildFile; fileRef = CF175DB72C22782B00FEE0E9 /* MapView.swift */; };
		CF175DBA2C2278C400FEE0E9 /* Trail.swift in Sources */ = {isa = PBXBuildFile; fileRef = CF175DB92C2278C400FEE0E9 /* Trail.swift */; };
		CF175DBC2C22857800FEE0E9 /* UserLocation.swift in Sources */ = {isa = PBXBuildFile; fileRef = CF175DBB2C22857800FEE0E9 /* UserLocation.swift */; };
		CF175DBE2C2285A000FEE0E9 /* MapViewModel.swift in Sources */ = {isa = PBXBuildFile; fileRef = CF175DBD2C2285A000FEE0E9 /* MapViewModel.swift */; };
		CF175DC02C22883800FEE0E9 /* MapView2.swift in Sources */ = {isa = PBXBuildFile; fileRef = CF175DBF2C22883800FEE0E9 /* MapView2.swift */; };
		CF175DCB2C23496900FEE0E9 /* map-2.geojson in Resources */ = {isa = PBXBuildFile; fileRef = CF175DCA2C23496900FEE0E9 /* map-2.geojson */; };
/* End PBXBuildFile section */

/* Begin PBXFileReference section */
		CF175DA62C2277F000FEE0E9 /* MapColbyTrails.app */ = {isa = PBXFileReference; explicitFileType = wrapper.application; includeInIndex = 0; path = MapColbyTrails.app; sourceTree = BUILT_PRODUCTS_DIR; };
		CF175DA92C2277F000FEE0E9 /* MapColbyTrailsApp.swift */ = {isa = PBXFileReference; lastKnownFileType = sourcecode.swift; path = MapColbyTrailsApp.swift; sourceTree = "<group>"; };
		CF175DAB2C2277F000FEE0E9 /* ContentView.swift */ = {isa = PBXFileReference; lastKnownFileType = sourcecode.swift; path = ContentView.swift; sourceTree = "<group>"; };
		CF175DAD2C2277F200FEE0E9 /* Assets.xcassets */ = {isa = PBXFileReference; lastKnownFileType = folder.assetcatalog; path = Assets.xcassets; sourceTree = "<group>"; };
		CF175DB02C2277F200FEE0E9 /* Preview Assets.xcassets */ = {isa = PBXFileReference; lastKnownFileType = folder.assetcatalog; path = "Preview Assets.xcassets"; sourceTree = "<group>"; };
		CF175DB72C22782B00FEE0E9 /* MapView.swift */ = {isa = PBXFileReference; lastKnownFileType = sourcecode.swift; path = MapView.swift; sourceTree = "<group>"; };
		CF175DB92C2278C400FEE0E9 /* Trail.swift */ = {isa = PBXFileReference; lastKnownFileType = sourcecode.swift; path = Trail.swift; sourceTree = "<group>"; };
		CF175DBB2C22857800FEE0E9 /* UserLocation.swift */ = {isa = PBXFileReference; lastKnownFileType = sourcecode.swift; path = UserLocation.swift; sourceTree = "<group>"; };
		CF175DBD2C2285A000FEE0E9 /* MapViewModel.swift */ = {isa = PBXFileReference; lastKnownFileType = sourcecode.swift; path = MapViewModel.swift; sourceTree = "<group>"; };
		CF175DBF2C22883800FEE0E9 /* MapView2.swift */ = {isa = PBXFileReference; lastKnownFileType = sourcecode.swift; path = MapView2.swift; sourceTree = "<group>"; };
		CF175DC92C23476800FEE0E9 /* trails.geojson */ = {isa = PBXFileReference; lastKnownFileType = text; path = trails.geojson; sourceTree = "<group>"; };
		CF175DCA2C23496900FEE0E9 /* map-2.geojson */ = {isa = PBXFileReference; fileEncoding = 4; lastKnownFileType = text; path = "map-2.geojson"; sourceTree = "<group>"; };
/* End PBXFileReference section */

/* Begin PBXFrameworksBuildPhase section */
		CF175DA32C2277F000FEE0E9 /* Frameworks */ = {
			isa = PBXFrameworksBuildPhase;
			buildActionMask = 2147483647;
			files = (
			);
			runOnlyForDeploymentPostprocessing = 0;
		};
/* End PBXFrameworksBuildPhase section */

/* Begin PBXGroup section */
		CF175D9D2C2277F000FEE0E9 = {
			isa = PBXGroup;
			children = (
				CF175DA82C2277F000FEE0E9 /* MapColbyTrails */,
				CF175DA72C2277F000FEE0E9 /* Products */,
			);
			sourceTree = "<group>";
		};
		CF175DA72C2277F000FEE0E9 /* Products */ = {
			isa = PBXGroup;
			children = (
				CF175DA62C2277F000FEE0E9 /* MapColbyTrails.app */,
			);
			name = Products;
			sourceTree = "<group>";
		};
		CF175DA82C2277F000FEE0E9 /* MapColbyTrails */ = {
			isa = PBXGroup;
			children = (
				CF175DA92C2277F000FEE0E9 /* MapColbyTrailsApp.swift */,
				CF175DC62C23474D00FEE0E9 /* Models */,
				CF175DC52C23473000FEE0E9 /* Views */,
				CF175DC72C23475700FEE0E9 /* ViewModels */,
				CF175DC82C23476800FEE0E9 /* Resources */,
				CF175DAD2C2277F200FEE0E9 /* Assets.xcassets */,
				CF175DAF2C2277F200FEE0E9 /* Preview Content */,
			);
			path = MapColbyTrails;
			sourceTree = "<group>";
		};
		CF175DAF2C2277F200FEE0E9 /* Preview Content */ = {
			isa = PBXGroup;
			children = (
				CF175DB02C2277F200FEE0E9 /* Preview Assets.xcassets */,
			);
			path = "Preview Content";
			sourceTree = "<group>";
		};
		CF175DC52C23473000FEE0E9 /* Views */ = {
			isa = PBXGroup;
			children = (
				CF175DAB2C2277F000FEE0E9 /* ContentView.swift */,
				CF175DB72C22782B00FEE0E9 /* MapView.swift */,
				CF175DBF2C22883800FEE0E9 /* MapView2.swift */,
			);
			path = Views;
			sourceTree = "<group>";
		};
		CF175DC62C23474D00FEE0E9 /* Models */ = {
			isa = PBXGroup;
			children = (
				CF175DB92C2278C400FEE0E9 /* Trail.swift */,
				CF175DBB2C22857800FEE0E9 /* UserLocation.swift */,
			);
			path = Models;
			sourceTree = "<group>";
		};
		CF175DC72C23475700FEE0E9 /* ViewModels */ = {
			isa = PBXGroup;
			children = (
				CF175DBD2C2285A000FEE0E9 /* MapViewModel.swift */,
			);
			path = ViewModels;
			sourceTree = "<group>";
		};
		CF175DC82C23476800FEE0E9 /* Resources */ = {
			isa = PBXGroup;
			children = (
				CF175DCA2C23496900FEE0E9 /* map-2.geojson */,
				CF175DC92C23476800FEE0E9 /* trails.geojson */,
			);
			path = Resources;
			sourceTree = "<group>";
		};
/* End PBXGroup section */

/* Begin PBXNativeTarget section */
		CF175DA52C2277F000FEE0E9 /* MapColbyTrails */ = {
			isa = PBXNativeTarget;
			buildConfigurationList = CF175DB42C2277F200FEE0E9 /* Build configuration list for PBXNativeTarget "MapColbyTrails" */;
			buildPhases = (
				CF175DA22C2277F000FEE0E9 /* Sources */,
				CF175DA32C2277F000FEE0E9 /* Frameworks */,
				CF175DA42C2277F000FEE0E9 /* Resources */,
			);
			buildRules = (
			);
			dependencies = (
			);
			name = MapColbyTrails;
			productName = MapColbyTrails;
			productReference = CF175DA62C2277F000FEE0E9 /* MapColbyTrails.app */;
			productType = "com.apple.product-type.application";
		};
/* End PBXNativeTarget section */

/* Begin PBXProject section */
		CF175D9E2C2277F000FEE0E9 /* Project object */ = {
			isa = PBXProject;
			attributes = {
				BuildIndependentTargetsInParallel = 1;
				LastSwiftUpdateCheck = 1540;
				LastUpgradeCheck = 1540;
				TargetAttributes = {
					CF175DA52C2277F000FEE0E9 = {
						CreatedOnToolsVersion = 15.4;
					};
				};
			};
			buildConfigurationList = CF175DA12C2277F000FEE0E9 /* Build configuration list for PBXProject "MapColbyTrails" */;
			compatibilityVersion = "Xcode 14.0";
			developmentRegion = en;
			hasScannedForEncodings = 0;
			knownRegions = (
				en,
				Base,
			);
			mainGroup = CF175D9D2C2277F000FEE0E9;
			productRefGroup = CF175DA72C2277F000FEE0E9 /* Products */;
			projectDirPath = "";
			projectRoot = "";
			targets = (
				CF175DA52C2277F000FEE0E9 /* MapColbyTrails */,
			);
		};
/* End PBXProject section */

/* Begin PBXResourcesBuildPhase section */
		CF175DA42C2277F000FEE0E9 /* Resources */ = {
			isa = PBXResourcesBuildPhase;
			buildActionMask = 2147483647;
			files = (
				CF175DB12C2277F200FEE0E9 /* Preview Assets.xcassets in Resources */,
				CF175DCB2C23496900FEE0E9 /* map-2.geojson in Resources */,
				CF175DAE2C2277F200FEE0E9 /* Assets.xcassets in Resources */,
			);
			runOnlyForDeploymentPostprocessing = 0;
		};
/* End PBXResourcesBuildPhase section */

/* Begin PBXSourcesBuildPhase section */
		CF175DA22C2277F000FEE0E9 /* Sources */ = {
			isa = PBXSourcesBuildPhase;
			buildActionMask = 2147483647;
			files = (
				CF175DC02C22883800FEE0E9 /* MapView2.swift in Sources */,
				CF175DAC2C2277F000FEE0E9 /* ContentView.swift in Sources */,
				CF175DB82C22782B00FEE0E9 /* MapView.swift in Sources */,
				CF175DBA2C2278C400FEE0E9 /* Trail.swift in Sources */,
				CF175DAA2C2277F000FEE0E9 /* MapColbyTrailsApp.swift in Sources */,
				CF175DBC2C22857800FEE0E9 /* UserLocation.swift in Sources */,
				CF175DBE2C2285A000FEE0E9 /* MapViewModel.swift in Sources */,
			);
			runOnlyForDeploymentPostprocessing = 0;
		};
/* End PBXSourcesBuildPhase section */

/* Begin XCBuildConfiguration section */
		CF175DB22C2277F200FEE0E9 /* Debug */ = {
			isa = XCBuildConfiguration;
			buildSettings = {
				ALWAYS_SEARCH_USER_PATHS = NO;
				ASSETCATALOG_COMPILER_GENERATE_SWIFT_ASSET_SYMBOL_EXTENSIONS = YES;
				CLANG_ANALYZER_NONNULL = YES;
				CLANG_ANALYZER_NUMBER_OBJECT_CONVERSION = YES_AGGRESSIVE;
				CLANG_CXX_LANGUAGE_STANDARD = "gnu++20";
				CLANG_ENABLE_MODULES = YES;
				CLANG_ENABLE_OBJC_ARC = YES;
				CLANG_ENABLE_OBJC_WEAK = YES;
				CLANG_WARN_BLOCK_CAPTURE_AUTORELEASING = YES;
				CLANG_WARN_BOOL_CONVERSION = YES;
				CLANG_WARN_COMMA = YES;
				CLANG_WARN_CONSTANT_CONVERSION = YES;
				CLANG_WARN_DEPRECATED_OBJC_IMPLEMENTATIONS = YES;
				CLANG_WARN_DIRECT_OBJC_ISA_USAGE = YES_ERROR;
				CLANG_WARN_DOCUMENTATION_COMMENTS = YES;
				CLANG_WARN_EMPTY_BODY = YES;
				CLANG_WARN_ENUM_CONVERSION = YES;
				CLANG_WARN_INFINITE_RECURSION = YES;
				CLANG_WARN_INT_CONVERSION = YES;
				CLANG_WARN_NON_LITERAL_NULL_CONVERSION = YES;
				CLANG_WARN_OBJC_IMPLICIT_RETAIN_SELF = YES;
				CLANG_WARN_OBJC_LITERAL_CONVERSION = YES;
				CLANG_WARN_OBJC_ROOT_CLASS = YES_ERROR;
				CLANG_WARN_QUOTED_INCLUDE_IN_FRAMEWORK_HEADER = YES;
				CLANG_WARN_RANGE_LOOP_ANALYSIS = YES;
				CLANG_WARN_STRICT_PROTOTYPES = YES;
				CLANG_WARN_SUSPICIOUS_MOVE = YES;
				CLANG_WARN_UNGUARDED_AVAILABILITY = YES_AGGRESSIVE;
				CLANG_WARN_UNREACHABLE_CODE = YES;
				CLANG_WARN__DUPLICATE_METHOD_MATCH = YES;
				COPY_PHASE_STRIP = NO;
				DEBUG_INFORMATION_FORMAT = dwarf;
				ENABLE_STRICT_OBJC_MSGSEND = YES;
				ENABLE_TESTABILITY = YES;
				ENABLE_USER_SCRIPT_SANDBOXING = YES;
				GCC_C_LANGUAGE_STANDARD = gnu17;
				GCC_DYNAMIC_NO_PIC = NO;
				GCC_NO_COMMON_BLOCKS = YES;
				GCC_OPTIMIZATION_LEVEL = 0;
				GCC_PREPROCESSOR_DEFINITIONS = (
					"DEBUG=1",
					"$(inherited)",
				);
				GCC_WARN_64_TO_32_BIT_CONVERSION = YES;
				GCC_WARN_ABOUT_RETURN_TYPE = YES_ERROR;
				GCC_WARN_UNDECLARED_SELECTOR = YES;
				GCC_WARN_UNINITIALIZED_AUTOS = YES_AGGRESSIVE;
				GCC_WARN_UNUSED_FUNCTION = YES;
				GCC_WARN_UNUSED_VARIABLE = YES;
				IPHONEOS_DEPLOYMENT_TARGET = 17.5;
				LOCALIZATION_PREFERS_STRING_CATALOGS = YES;
				MTL_ENABLE_DEBUG_INFO = INCLUDE_SOURCE;
				MTL_FAST_MATH = YES;
				ONLY_ACTIVE_ARCH = YES;
				SDKROOT = iphoneos;
				SWIFT_ACTIVE_COMPILATION_CONDITIONS = "DEBUG $(inherited)";
				SWIFT_OPTIMIZATION_LEVEL = "-Onone";
			};
			name = Debug;
		};
		CF175DB32C2277F200FEE0E9 /* Release */ = {
			isa = XCBuildConfiguration;
			buildSettings = {
				ALWAYS_SEARCH_USER_PATHS = NO;
				ASSETCATALOG_COMPILER_GENERATE_SWIFT_ASSET_SYMBOL_EXTENSIONS = YES;
				CLANG_ANALYZER_NONNULL = YES;
				CLANG_ANALYZER_NUMBER_OBJECT_CONVERSION = YES_AGGRESSIVE;
				CLANG_CXX_LANGUAGE_STANDARD = "gnu++20";
				CLANG_ENABLE_MODULES = YES;
				CLANG_ENABLE_OBJC_ARC = YES;
				CLANG_ENABLE_OBJC_WEAK = YES;
				CLANG_WARN_BLOCK_CAPTURE_AUTORELEASING = YES;
				CLANG_WARN_BOOL_CONVERSION = YES;
				CLANG_WARN_COMMA = YES;
				CLANG_WARN_CONSTANT_CONVERSION = YES;
				CLANG_WARN_DEPRECATED_OBJC_IMPLEMENTATIONS = YES;
				CLANG_WARN_DIRECT_OBJC_ISA_USAGE = YES_ERROR;
				CLANG_WARN_DOCUMENTATION_COMMENTS = YES;
				CLANG_WARN_EMPTY_BODY = YES;
				CLANG_WARN_ENUM_CONVERSION = YES;
				CLANG_WARN_INFINITE_RECURSION = YES;
				CLANG_WARN_INT_CONVERSION = YES;
				CLANG_WARN_NON_LITERAL_NULL_CONVERSION = YES;
				CLANG_WARN_OBJC_IMPLICIT_RETAIN_SELF = YES;
				CLANG_WARN_OBJC_LITERAL_CONVERSION = YES;
				CLANG_WARN_OBJC_ROOT_CLASS = YES_ERROR;
				CLANG_WARN_QUOTED_INCLUDE_IN_FRAMEWORK_HEADER = YES;
				CLANG_WARN_RANGE_LOOP_ANALYSIS = YES;
				CLANG_WARN_STRICT_PROTOTYPES = YES;
				CLANG_WARN_SUSPICIOUS_MOVE = YES;
				CLANG_WARN_UNGUARDED_AVAILABILITY = YES_AGGRESSIVE;
				CLANG_WARN_UNREACHABLE_CODE = YES;
				CLANG_WARN__DUPLICATE_METHOD_MATCH = YES;
				COPY_PHASE_STRIP = NO;
				DEBUG_INFORMATION_FORMAT = "dwarf-with-dsym";
				ENABLE_NS_ASSERTIONS = NO;
				ENABLE_STRICT_OBJC_MSGSEND = YES;
				ENABLE_USER_SCRIPT_SANDBOXING = YES;
				GCC_C_LANGUAGE_STANDARD = gnu17;
				GCC_NO_COMMON_BLOCKS = YES;
				GCC_WARN_64_TO_32_BIT_CONVERSION = YES;
				GCC_WARN_ABOUT_RETURN_TYPE = YES_ERROR;
				GCC_WARN_UNDECLARED_SELECTOR = YES;
				GCC_WARN_UNINITIALIZED_AUTOS = YES_AGGRESSIVE;
				GCC_WARN_UNUSED_FUNCTION = YES;
				GCC_WARN_UNUSED_VARIABLE = YES;
				IPHONEOS_DEPLOYMENT_TARGET = 17.5;
				LOCALIZATION_PREFERS_STRING_CATALOGS = YES;
				MTL_ENABLE_DEBUG_INFO = NO;
				MTL_FAST_MATH = YES;
				SDKROOT = iphoneos;
				SWIFT_COMPILATION_MODE = wholemodule;
				VALIDATE_PRODUCT = YES;
			};
			name = Release;
		};
		CF175DB52C2277F200FEE0E9 /* Debug */ = {
			isa = XCBuildConfiguration;
			buildSettings = {
				ASSETCATALOG_COMPILER_APPICON_NAME = AppIcon;
				ASSETCATALOG_COMPILER_GLOBAL_ACCENT_COLOR_NAME = AccentColor;
				CODE_SIGN_STYLE = Automatic;
				CURRENT_PROJECT_VERSION = 1;
				DEVELOPMENT_ASSET_PATHS = "\"MapColbyTrails/Preview Content\"";
				DEVELOPMENT_TEAM = 3WD463DXDJ;
				ENABLE_PREVIEWS = YES;
				GENERATE_INFOPLIST_FILE = YES;
				INFOPLIST_KEY_LSApplicationCategoryType = "public.app-category.navigation";
				INFOPLIST_KEY_UIApplicationSceneManifest_Generation = YES;
				INFOPLIST_KEY_UIApplicationSupportsIndirectInputEvents = YES;
				INFOPLIST_KEY_UILaunchScreen_Generation = YES;
				INFOPLIST_KEY_UISupportedInterfaceOrientations_iPad = "UIInterfaceOrientationPortrait UIInterfaceOrientationPortraitUpsideDown UIInterfaceOrientationLandscapeLeft UIInterfaceOrientationLandscapeRight";
				INFOPLIST_KEY_UISupportedInterfaceOrientations_iPhone = "UIInterfaceOrientationPortrait UIInterfaceOrientationLandscapeLeft UIInterfaceOrientationLandscapeRight";
				LD_RUNPATH_SEARCH_PATHS = (
					"$(inherited)",
					"@executable_path/Frameworks",
				);
				MARKETING_VERSION = 1.0;
				PRODUCT_BUNDLE_IDENTIFIER = com.nithunselva.MapColbyTrails;
				PRODUCT_NAME = "$(TARGET_NAME)";
				SWIFT_EMIT_LOC_STRINGS = YES;
				SWIFT_VERSION = 5.0;
				TARGETED_DEVICE_FAMILY = "1,2";
			};
			name = Debug;
		};
		CF175DB62C2277F200FEE0E9 /* Release */ = {
			isa = XCBuildConfiguration;
			buildSettings = {
				ASSETCATALOG_COMPILER_APPICON_NAME = AppIcon;
				ASSETCATALOG_COMPILER_GLOBAL_ACCENT_COLOR_NAME = AccentColor;
				CODE_SIGN_STYLE = Automatic;
				CURRENT_PROJECT_VERSION = 1;
				DEVELOPMENT_ASSET_PATHS = "\"MapColbyTrails/Preview Content\"";
				DEVELOPMENT_TEAM = 3WD463DXDJ;
				ENABLE_PREVIEWS = YES;
				GENERATE_INFOPLIST_FILE = YES;
				INFOPLIST_KEY_LSApplicationCategoryType = "public.app-category.navigation";
				INFOPLIST_KEY_UIApplicationSceneManifest_Generation = YES;
				INFOPLIST_KEY_UIApplicationSupportsIndirectInputEvents = YES;
				INFOPLIST_KEY_UILaunchScreen_Generation = YES;
				INFOPLIST_KEY_UISupportedInterfaceOrientations_iPad = "UIInterfaceOrientationPortrait UIInterfaceOrientationPortraitUpsideDown UIInterfaceOrientationLandscapeLeft UIInterfaceOrientationLandscapeRight";
				INFOPLIST_KEY_UISupportedInterfaceOrientations_iPhone = "UIInterfaceOrientationPortrait UIInterfaceOrientationLandscapeLeft UIInterfaceOrientationLandscapeRight";
				LD_RUNPATH_SEARCH_PATHS = (
					"$(inherited)",
					"@executable_path/Frameworks",
				);
				MARKETING_VERSION = 1.0;
				PRODUCT_BUNDLE_IDENTIFIER = com.nithunselva.MapColbyTrails;
				PRODUCT_NAME = "$(TARGET_NAME)";
				SWIFT_EMIT_LOC_STRINGS = YES;
				SWIFT_VERSION = 5.0;
				TARGETED_DEVICE_FAMILY = "1,2";
			};
			name = Release;
		};
/* End XCBuildConfiguration section */

/* Begin XCConfigurationList section */
		CF175DA12C2277F000FEE0E9 /* Build configuration list for PBXProject "MapColbyTrails" */ = {
			isa = XCConfigurationList;
			buildConfigurations = (
				CF175DB22C2277F200FEE0E9 /* Debug */,
				CF175DB32C2277F200FEE0E9 /* Release */,
			);
			defaultConfigurationIsVisible = 0;
			defaultConfigurationName = Release;
		};
		CF175DB42C2277F200FEE0E9 /* Build configuration list for PBXNativeTarget "MapColbyTrails" */ = {
			isa = XCConfigurationList;
			buildConfigurations = (
				CF175DB52C2277F200FEE0E9 /* Debug */,
				CF175DB62C2277F200FEE0E9 /* Release */,
			);
			defaultConfigurationIsVisible = 0;
			defaultConfigurationName = Release;
		};
/* End XCConfigurationList section */
	};
	rootObject = CF175D9E2C2277F000FEE0E9 /* Project object */;
}
